// !$*UTF8*$!
{
	archiveVersion = 1;
	classes = {
	};
	objectVersion = 70;
	objects = {

/* Begin PBXContainerItemProxy section */
		D1A00000000000000000AA02 /* PBXContainerItemProxy */ = {
			isa = PBXContainerItemProxy;
			containerPortal = D1A0000000000000000000E0 /* Project object */;
			proxyType = 1;
			remoteGlobalIDString = D1A0000000000000000000E1;
			remoteInfo = Dagritme;
		};
/* End PBXContainerItemProxy section */

/* Begin PBXFileReference section */
		D1A0000000000000000000A1 /* Dagritme.app */ = {isa = PBXFileReference; explicitFileType = wrapper.application; includeInIndex = 0; path = Dagritme.app; sourceTree = BUILT_PRODUCTS_DIR; };
		D1A0000000000000000000A2 /* Info.plist */ = {isa = PBXFileReference; lastKnownFileType = text.plist.xml; path = Info.plist; sourceTree = "<group>"; };
		D1A0000000000000000000A3 /* README.md */ = {isa = PBXFileReference; lastKnownFileType = net.daringfireball.markdown; path = README.md; sourceTree = "<group>"; };
		D1A0000000000000000000A4 /* Driver.xctest */ = {isa = PBXFileReference; explicitFileType = wrapper.cfbundle; includeInIndex = 0; path = Driver.xctest; sourceTree = BUILT_PRODUCTS_DIR; };
/* End PBXFileReference section */

/* Begin PBXFileSystemSynchronizedRootGroup section */
		D1A0000000000000000000B1 /* Dagritme */ = {isa = PBXFileSystemSynchronizedRootGroup; explicitFileTypes = {}; explicitFolders = (); path = Dagritme; sourceTree = "<group>"; };
		D1A0000000000000000000B2 /* Driver */ = {isa = PBXFileSystemSynchronizedRootGroup; explicitFileTypes = {}; explicitFolders = (); path = Driver; sourceTree = "<group>"; };
/* End PBXFileSystemSynchronizedRootGroup section */

/* Begin PBXFrameworksBuildPhase section */
		D1A0000000000000000000C1 /* Frameworks */ = {
			isa = PBXFrameworksBuildPhase;
			buildActionMask = 2147483647;
			files = (
			);
			runOnlyForDeploymentPostprocessing = 0;
		};
		D1A0000000000000000000C5 /* Frameworks */ = {
			isa = PBXFrameworksBuildPhase;
			buildActionMask = 2147483647;
			files = (
			);
			runOnlyForDeploymentPostprocessing = 0;
		};
/* End PBXFrameworksBuildPhase section */

/* Begin PBXGroup section */
		D1A0000000000000000000D1 = {
			isa = PBXGroup;
			children = (
				D1A0000000000000000000B1 /* Dagritme */,
				D1A0000000000000000000B2 /* Driver */,
				D1A0000000000000000000A2 /* Info.plist */,
				D1A0000000000000000000A3 /* README.md */,
				D1A0000000000000000000D2 /* Products */,
			);
			sourceTree = "<group>";
		};
		D1A0000000000000000000D2 /* Products */ = {
			isa = PBXGroup;
			children = (
				D1A0000000000000000000A1 /* Dagritme.app */,
				D1A0000000000000000000A4 /* Driver.xctest */,
			);
			name = Products;
			sourceTree = "<group>";
		};
/* End PBXGroup section */

/* Begin PBXNativeTarget section */
		D1A0000000000000000000E1 /* Dagritme */ = {
			isa = PBXNativeTarget;
			buildConfigurationList = D1A0000000000000000000F1 /* Build configuration list for PBXNativeTarget "Dagritme" */;
			buildPhases = (
				D1A0000000000000000000C2 /* Sources */,
				D1A0000000000000000000C1 /* Frameworks */,
				D1A0000000000000000000C3 /* Resources */,
			);
			buildRules = (
			);
			dependencies = (
			);
			fileSystemSynchronizedGroups = (
				D1A0000000000000000000B1 /* Dagritme */,
			);
			name = Dagritme;
			packageProductDependencies = (
			);
			productName = Dagritme;
			productReference = D1A0000000000000000000A1 /* Dagritme.app */;
			productType = "com.apple.product-type.application";
		};
		D1A0000000000000000000E2 /* Driver */ = {
			isa = PBXNativeTarget;
			buildConfigurationList = D1A0000000000000000000F2 /* Build configuration list for PBXNativeTarget "Driver" */;
			buildPhases = (
				D1A0000000000000000000C4 /* Sources */,
				D1A0000000000000000000C5 /* Frameworks */,
				D1A0000000000000000000C6 /* Resources */,
			);
			buildRules = (
			);
			dependencies = (
				D1A00000000000000000AA01 /* PBXTargetDependency */,
			);
			fileSystemSynchronizedGroups = (
				D1A0000000000000000000B2 /* Driver */,
			);
			name = Driver;
			packageProductDependencies = (
			);
			productName = Driver;
			productReference = D1A0000000000000000000A4 /* Driver.xctest */;
			productType = "com.apple.product-type.bundle.ui-testing";
		};
/* End PBXNativeTarget section */

/* Begin PBXProject section */
		D1A0000000000000000000E0 /* Project object */ = {
			isa = PBXProject;
			attributes = {
				BuildIndependentTargetsInParallel = 1;
				LastSwiftUpdateCheck = 1600;
				LastUpgradeCheck = 1600;
				TargetAttributes = {
					D1A0000000000000000000E1 = {
						CreatedOnToolsVersion = 16.0;
					};
					D1A0000000000000000000E2 = {
						CreatedOnToolsVersion = 16.0;
						TestTargetID = D1A0000000000000000000E1;
					};
				};
			};
			buildConfigurationList = D1A0000000000000000000F0 /* Build configuration list for PBXProject "Dagritme" */;
			compatibilityVersion = "Xcode 15.0";
			developmentRegion = nl;
			hasScannedForEncodings = 0;
			knownRegions = (
				nl,
				de,
				da,
				en,
				Base,
			);
			mainGroup = D1A0000000000000000000D1;
			minimizedProjectReferenceProxies = 1;
			productRefGroup = D1A0000000000000000000D2 /* Products */;
			projectDirPath = "";
			projectRoot = "";
			targets = (
				D1A0000000000000000000E1 /* Dagritme */,
				D1A0000000000000000000E2 /* Driver */,
			);
		};
/* End PBXProject section */

/* Begin PBXResourcesBuildPhase section */
		D1A0000000000000000000C3 /* Resources */ = {
			isa = PBXResourcesBuildPhase;
			buildActionMask = 2147483647;
			files = (
			);
			runOnlyForDeploymentPostprocessing = 0;
		};
		D1A0000000000000000000C6 /* Resources */ = {
			isa = PBXResourcesBuildPhase;
			buildActionMask = 2147483647;
			files = (
			);
			runOnlyForDeploymentPostprocessing = 0;
		};
/* End PBXResourcesBuildPhase section */

/* Begin PBXSourcesBuildPhase section */
		D1A0000000000000000000C2 /* Sources */ = {
			isa = PBXSourcesBuildPhase;
			buildActionMask = 2147483647;
			files = (
			);
			runOnlyForDeploymentPostprocessing = 0;
		};
		D1A0000000000000000000C4 /* Sources */ = {
			isa = PBXSourcesBuildPhase;
			buildActionMask = 2147483647;
			files = (
			);
			runOnlyForDeploymentPostprocessing = 0;
		};
/* End PBXSourcesBuildPhase section */

/* Begin PBXTargetDependency section */
		D1A00000000000000000AA01 /* PBXTargetDependency */ = {
			isa = PBXTargetDependency;
			target = D1A0000000000000000000E1 /* Dagritme */;
			targetProxy = D1A00000000000000000AA02 /* PBXContainerItemProxy */;
		};
/* End PBXTargetDependency section */

/* Begin XCBuildConfiguration section */
		D1A00000000000000000FF01 /* Debug */ = {
			isa = XCBuildConfiguration;
			buildSettings = {
				ALWAYS_SEARCH_USER_PATHS = NO;
				ASSETCATALOG_COMPILER_GENERATE_SWIFT_ASSET_SYMBOL_EXTENSIONS = YES;
				CLANG_ANALYZER_NONNULL = YES;
				CLANG_ENABLE_MODULES = YES;
				CLANG_ENABLE_OBJC_ARC = YES;
				COPY_PHASE_STRIP = NO;
				DEBUG_INFORMATION_FORMAT = dwarf;
				ENABLE_STRICT_OBJC_MSGSEND = YES;
				ENABLE_TESTABILITY = YES;
				ENABLE_USER_SCRIPT_SANDBOXING = YES;
				GCC_C_LANGUAGE_STANDARD = gnu17;
				GCC_DYNAMIC_NO_PIC = NO;
				GCC_NO_COMMON_BLOCKS = YES;
				GCC_OPTIMIZATION_LEVEL = 0;
				GCC_PREPROCESSOR_DEFINITIONS = (
					"DEBUG=1",
					"$(inherited)",
				);
				IPHONEOS_DEPLOYMENT_TARGET = 26.0;
				MTL_ENABLE_DEBUG_INFO = INCLUDE_SOURCE;
				MTL_FAST_MATH = YES;
				ONLY_ACTIVE_ARCH = YES;
				SDKROOT = iphoneos;
				SWIFT_ACTIVE_COMPILATION_CONDITIONS = "DEBUG $(inherited)";
				SWIFT_OPTIMIZATION_LEVEL = "-Onone";
			};
			name = Debug;
		};
		D1A00000000000000000FF02 /* Release */ = {
			isa = XCBuildConfiguration;
			buildSettings = {
				ALWAYS_SEARCH_USER_PATHS = NO;
				ASSETCATALOG_COMPILER_GENERATE_SWIFT_ASSET_SYMBOL_EXTENSIONS = YES;
				CLANG_ANALYZER_NONNULL = YES;
				CLANG_ENABLE_MODULES = YES;
				CLANG_ENABLE_OBJC_ARC = YES;
				COPY_PHASE_STRIP = NO;
				DEBUG_INFORMATION_FORMAT = "dwarf-with-dsym";
				ENABLE_NS_ASSERTIONS = NO;
				ENABLE_STRICT_OBJC_MSGSEND = YES;
				ENABLE_USER_SCRIPT_SANDBOXING = YES;
				GCC_C_LANGUAGE_STANDARD = gnu17;
				GCC_NO_COMMON_BLOCKS = YES;
				IPHONEOS_DEPLOYMENT_TARGET = 26.0;
				MTL_ENABLE_DEBUG_INFO = NO;
				MTL_FAST_MATH = YES;
				SDKROOT = iphoneos;
				SWIFT_COMPILATION_MODE = wholemodule;
				VALIDATE_PRODUCT = YES;
			};
			name = Release;
		};
		D1A00000000000000000FF03 /* Debug */ = {
			isa = XCBuildConfiguration;
			buildSettings = {
				ASSETCATALOG_COMPILER_APPICON_NAME = AppIcon;
				ASSETCATALOG_COMPILER_GLOBAL_ACCENT_COLOR_NAME = AccentColor;
				CODE_SIGN_STYLE = Automatic;
				CURRENT_PROJECT_VERSION = 1;
				DEVELOPMENT_TEAM = B78S7QYAZC;
				ENABLE_PREVIEWS = YES;
				GENERATE_INFOPLIST_FILE = NO;
				INFOPLIST_FILE = Info.plist;
				LD_RUNPATH_SEARCH_PATHS = (
					"$(inherited)",
					"@executable_path/Frameworks",
				);
				MARKETING_VERSION = 1.0;
				PRODUCT_BUNDLE_IDENTIFIER = app.dagritme;
				PRODUCT_NAME = "$(TARGET_NAME)";
				SWIFT_EMIT_LOC_STRINGS = YES;
				SWIFT_VERSION = 5.0;
				TARGETED_DEVICE_FAMILY = "1,2";
			};
			name = Debug;
		};
		D1A00000000000000000FF04 /* Release */ = {
			isa = XCBuildConfiguration;
			buildSettings = {
				ASSETCATALOG_COMPILER_APPICON_NAME = AppIcon;
				ASSETCATALOG_COMPILER_GLOBAL_ACCENT_COLOR_NAME = AccentColor;
				CODE_SIGN_STYLE = Automatic;
				CURRENT_PROJECT_VERSION = 1;
				DEVELOPMENT_TEAM = B78S7QYAZC;
				ENABLE_PREVIEWS = YES;
				GENERATE_INFOPLIST_FILE = NO;
				INFOPLIST_FILE = Info.plist;
				LD_RUNPATH_SEARCH_PATHS = (
					"$(inherited)",
					"@executable_path/Frameworks",
				);
				MARKETING_VERSION = 1.0;
				PRODUCT_BUNDLE_IDENTIFIER = app.dagritme;
				PRODUCT_NAME = "$(TARGET_NAME)";
				SWIFT_EMIT_LOC_STRINGS = YES;
				SWIFT_VERSION = 5.0;
				TARGETED_DEVICE_FAMILY = "1,2";
			};
			name = Release;
		};
		D1A00000000000000000FF05 /* Debug */ = {
			isa = XCBuildConfiguration;
			buildSettings = {
				CODE_SIGN_STYLE = Automatic;
				CURRENT_PROJECT_VERSION = 1;
				GENERATE_INFOPLIST_FILE = YES;
				MARKETING_VERSION = 1.0;
				PRODUCT_BUNDLE_IDENTIFIER = app.dagritme.driver;
				PRODUCT_NAME = "$(TARGET_NAME)";
				SWIFT_EMIT_LOC_STRINGS = NO;
				SWIFT_VERSION = 5.0;
				TARGETED_DEVICE_FAMILY = "1,2";
				TEST_TARGET_NAME = Dagritme;
			};
			name = Debug;
		};
		D1A00000000000000000FF06 /* Release */ = {
			isa = XCBuildConfiguration;
			buildSettings = {
				CODE_SIGN_STYLE = Automatic;
				CURRENT_PROJECT_VERSION = 1;
				GENERATE_INFOPLIST_FILE = YES;
				MARKETING_VERSION = 1.0;
				PRODUCT_BUNDLE_IDENTIFIER = app.dagritme.driver;
				PRODUCT_NAME = "$(TARGET_NAME)";
				SWIFT_EMIT_LOC_STRINGS = NO;
				SWIFT_VERSION = 5.0;
				TARGETED_DEVICE_FAMILY = "1,2";
				TEST_TARGET_NAME = Dagritme;
			};
			name = Release;
		};
/* End XCBuildConfiguration section */

/* Begin XCConfigurationList section */
		D1A0000000000000000000F0 /* Build configuration list for PBXProject "Dagritme" */ = {
			isa = XCConfigurationList;
			buildConfigurations = (
				D1A00000000000000000FF01 /* Debug */,
				D1A00000000000000000FF02 /* Release */,
			);
			defaultConfigurationIsVisible = 0;
			defaultConfigurationName = Release;
		};
		D1A0000000000000000000F1 /* Build configuration list for PBXNativeTarget "Dagritme" */ = {
			isa = XCConfigurationList;
			buildConfigurations = (
				D1A00000000000000000FF03 /* Debug */,
				D1A00000000000000000FF04 /* Release */,
			);
			defaultConfigurationIsVisible = 0;
			defaultConfigurationName = Release;
		};
		D1A0000000000000000000F2 /* Build configuration list for PBXNativeTarget "Driver" */ = {
			isa = XCConfigurationList;
			buildConfigurations = (
				D1A00000000000000000FF05 /* Debug */,
				D1A00000000000000000FF06 /* Release */,
			);
			defaultConfigurationIsVisible = 0;
			defaultConfigurationName = Release;
		};
/* End XCConfigurationList section */
	};
	rootObject = D1A0000000000000000000E0 /* Project object */;
}
